
Microsoft Visual Studio Solution File, Format Version 12.00
# Visual Studio Version 17
VisualStudioVersion = 17.14.36310.24
MinimumVisualStudioVersion = 10.0.40219.1
Project("{FAE04EC0-301F-11D3-BF4B-00C04F79EFBC}") = "WSPR_Solar", "WSPR_Solar.csproj", "{DC3FACFE-A235-4160-B8AE-1C06E076817D}"
EndProject
Project("{54435603-DBB4-11D2-8724-00A0C9A8B90C}") = "WSPR_Sked_Solar", "..\WSPR_Sked_Solar\WSPR_Sked_Solar.vdproj", "{7C46603A-A4A9-8078-3EFE-8CA8F00C6F4C}"
EndProject
Global
	GlobalSection(SolutionConfigurationPlatforms) = preSolution
		Debug|Any CPU = Debug|Any CPU
		Release|Any CPU = Release|Any CPU
	EndGlobalSection
	GlobalSection(ProjectConfigurationPlatforms) = postSolution
		{DC3FACFE-A235-4160-B8AE-1C06E076817D}.Debug|Any CPU.ActiveCfg = Debug|Any CPU
		{DC3FACFE-A235-4160-B8AE-1C06E076817D}.Debug|Any CPU.Build.0 = Debug|Any CPU
		{DC3FACFE-A235-4160-B8AE-1C06E076817D}.Release|Any CPU.ActiveCfg = Release|Any CPU
		{DC3FACFE-A235-4160-B8AE-1C06E076817D}.Release|Any CPU.Build.0 = Release|Any CPU
		{7C46603A-A4A9-8078-3EFE-8CA8F00C6F4C}.Debug|Any CPU.ActiveCfg = Debug
		{7C46603A-A4A9-8078-3EFE-8CA8F00C6F4C}.Release|Any CPU.ActiveCfg = Release
	EndGlobalSection
	GlobalSection(SolutionProperties) = preSolution
		HideSolutionNode = FALSE
	EndGlobalSection
	GlobalSection(ExtensibilityGlobals) = postSolution
		SolutionGuid = {4E0FE794-8F76-4EAF-BC3D-8D21C0484E51}
	EndGlobalSection
EndGlobal
